
Microsoft Visual Studio Solution File, Format Version 12.00
# Visual Studio Version 17
VisualStudioVersion = 17.6.33723.286
MinimumVisualStudioVersion = 10.0.40219.1
Project("{FAE04EC0-301F-11D3-BF4B-00C04F79EFBC}") = "Demo.XConnectFacet", "Demo.XConnectFacet\Demo.XConnectFacet.csproj", "{95E5857D-D0FB-40AE-AB0C-EFE8FF596361}"
EndProject
Project("{FAE04EC0-301F-11D3-BF4B-00C04F79EFBC}") = "ModelSerializer", "ModelSerializer\ModelSerializer.csproj", "{36A04CD3-CC2C-40EE-906C-F8D3F945A1A1}"
EndProject
Global
	GlobalSection(SolutionConfigurationPlatforms) = preSolution
		Debug|Any CPU = Debug|Any CPU
		Release|Any CPU = Release|Any CPU
	EndGlobalSection
	GlobalSection(ProjectConfigurationPlatforms) = postSolution
		{95E5857D-D0FB-40AE-AB0C-EFE8FF596361}.Debug|Any CPU.ActiveCfg = Debug|Any CPU
		{95E5857D-D0FB-40AE-AB0C-EFE8FF596361}.Debug|Any CPU.Build.0 = Debug|Any CPU
		{95E5857D-D0FB-40AE-AB0C-EFE8FF596361}.Release|Any CPU.ActiveCfg = Release|Any CPU
		{95E5857D-D0FB-40AE-AB0C-EFE8FF596361}.Release|Any CPU.Build.0 = Release|Any CPU
		{36A04CD3-CC2C-40EE-906C-F8D3F945A1A1}.Debug|Any CPU.ActiveCfg = Debug|Any CPU
		{36A04CD3-CC2C-40EE-906C-F8D3F945A1A1}.Debug|Any CPU.Build.0 = Debug|Any CPU
		{36A04CD3-CC2C-40EE-906C-F8D3F945A1A1}.Release|Any CPU.ActiveCfg = Release|Any CPU
		{36A04CD3-CC2C-40EE-906C-F8D3F945A1A1}.Release|Any CPU.Build.0 = Release|Any CPU
	EndGlobalSection
	GlobalSection(SolutionProperties) = preSolution
		HideSolutionNode = FALSE
	EndGlobalSection
	GlobalSection(ExtensibilityGlobals) = postSolution
		SolutionGuid = {DC152DCA-7572-4A6D-9467-BC75C375EBDF}
	EndGlobalSection
EndGlobal
